
Microsoft Visual Studio Solution File, Format Version 12.00
# Visual Studio Version 17
VisualStudioVersion = 17.11.35312.102
MinimumVisualStudioVersion = 10.0.40219.1
Project("{FAE04EC0-301F-11D3-BF4B-00C04F79EFBC}") = "WordFinderLib", "WordFinderLib\WordFinderLib.csproj", "{B00CC3BC-99F1-46A3-985E-5CC06711D445}"
EndProject
Project("{FAE04EC0-301F-11D3-BF4B-00C04F79EFBC}") = "WordFinderTests", "WordFinderTests\WordFinderTests.csproj", "{C171112D-5995-43C7-8ADB-D0DD1715A31F}"
EndProject
Project("{FAE04EC0-301F-11D3-BF4B-00C04F79EFBC}") = "WordFinderApp", "WordFinderApp\WordFinderApp.csproj", "{9AD7F6AB-AFBF-4B3F-B968-7A61786DA731}"
EndProject
Global
	GlobalSection(SolutionConfigurationPlatforms) = preSolution
		Debug|Any CPU = Debug|Any CPU
		Release|Any CPU = Release|Any CPU
	EndGlobalSection
	GlobalSection(ProjectConfigurationPlatforms) = postSolution
		{B00CC3BC-99F1-46A3-985E-5CC06711D445}.Debug|Any CPU.ActiveCfg = Debug|Any CPU
		{B00CC3BC-99F1-46A3-985E-5CC06711D445}.Debug|Any CPU.Build.0 = Debug|Any CPU
		{B00CC3BC-99F1-46A3-985E-5CC06711D445}.Release|Any CPU.ActiveCfg = Release|Any CPU
		{B00CC3BC-99F1-46A3-985E-5CC06711D445}.Release|Any CPU.Build.0 = Release|Any CPU
		{C171112D-5995-43C7-8ADB-D0DD1715A31F}.Debug|Any CPU.ActiveCfg = Debug|Any CPU
		{C171112D-5995-43C7-8ADB-D0DD1715A31F}.Debug|Any CPU.Build.0 = Debug|Any CPU
		{C171112D-5995-43C7-8ADB-D0DD1715A31F}.Release|Any CPU.ActiveCfg = Release|Any CPU
		{C171112D-5995-43C7-8ADB-D0DD1715A31F}.Release|Any CPU.Build.0 = Release|Any CPU
		{9AD7F6AB-AFBF-4B3F-B968-7A61786DA731}.Debug|Any CPU.ActiveCfg = Debug|Any CPU
		{9AD7F6AB-AFBF-4B3F-B968-7A61786DA731}.Debug|Any CPU.Build.0 = Debug|Any CPU
		{9AD7F6AB-AFBF-4B3F-B968-7A61786DA731}.Release|Any CPU.ActiveCfg = Release|Any CPU
		{9AD7F6AB-AFBF-4B3F-B968-7A61786DA731}.Release|Any CPU.Build.0 = Release|Any CPU
	EndGlobalSection
	GlobalSection(SolutionProperties) = preSolution
		HideSolutionNode = FALSE
	EndGlobalSection
	GlobalSection(ExtensibilityGlobals) = postSolution
		SolutionGuid = {96C1921B-F36E-440B-B020-5F77D263F053}
	EndGlobalSection
EndGlobal
